Microsoft Visual Studio Solution File, Format Version 11.00
# Visual Studio 2008

Project("{A5C4E57C-51C6-D73A-1B4C-EFC00C06C887}") = "LeopardBoy", "Assembly-CSharp.csproj", "{02C6B2D4-BF17-AAE8-0017-59D5E1B92636}"
EndProject
Global
	GlobalSection(SolutionConfigurationPlatforms) = preSolution
		Debug|Any CPU = Debug|Any CPU
		Release|Any CPU = Release|Any CPU
	EndGlobalSection
	GlobalSection(ProjectConfigurationPlatforms) = postSolution
		{02C6B2D4-BF17-AAE8-0017-59D5E1B92636}.Debug|Any CPU.ActiveCfg = Debug|Any CPU
		{02C6B2D4-BF17-AAE8-0017-59D5E1B92636}.Debug|Any CPU.Build.0 = Debug|Any CPU
		{02C6B2D4-BF17-AAE8-0017-59D5E1B92636}.Release|Any CPU.ActiveCfg = Release|Any CPU
		{02C6B2D4-BF17-AAE8-0017-59D5E1B92636}.Release|Any CPU.Build.0 = Release|Any CPU
	EndGlobalSection
	GlobalSection(SolutionProperties) = preSolution
		HideSolutionNode = FALSE
	EndGlobalSection
	GlobalSection(MonoDevelopProperties) = preSolution
		StartupItem = Assembly-CSharp.csproj
	EndGlobalSection
EndGlobal
