Microsoft Visual Studio Solution File, Format Version 11.00
# Visual Studio 2008

Project("{8D97A69E-2F44-F79F-12FF-A7F6E203E5E7}") = "SpaceGrapple", "Assembly-CSharp.csproj", "{C42D96D5-3E3B-9595-1A19-B3B1B06638D2}"
EndProject
Global
	GlobalSection(SolutionConfigurationPlatforms) = preSolution
		Debug|Any CPU = Debug|Any CPU
		Release|Any CPU = Release|Any CPU
	EndGlobalSection
	GlobalSection(ProjectConfigurationPlatforms) = postSolution
		{C42D96D5-3E3B-9595-1A19-B3B1B06638D2}.Debug|Any CPU.ActiveCfg = Debug|Any CPU
		{C42D96D5-3E3B-9595-1A19-B3B1B06638D2}.Debug|Any CPU.Build.0 = Debug|Any CPU
		{C42D96D5-3E3B-9595-1A19-B3B1B06638D2}.Release|Any CPU.ActiveCfg = Release|Any CPU
		{C42D96D5-3E3B-9595-1A19-B3B1B06638D2}.Release|Any CPU.Build.0 = Release|Any CPU
	EndGlobalSection
	GlobalSection(SolutionProperties) = preSolution
		HideSolutionNode = FALSE
	EndGlobalSection
	GlobalSection(MonoDevelopProperties) = preSolution
		StartupItem = Assembly-CSharp.csproj
	EndGlobalSection
EndGlobal
